
Microsoft Visual Studio Solution File, Format Version 12.00
# Visual Studio Version 16
VisualStudioVersion = 16.0.33328.57
MinimumVisualStudioVersion = 10.0.40219.1
Project("{FAE04EC0-301F-11D3-BF4B-00C04F79EFBC}") = "HotelRoomBooking.Web", "HotelRoomBooking.Web\HotelRoomBooking.Web.csproj", "{E9A4B834-74AB-4859-9165-4732A07CC231}"
EndProject
Project("{FAE04EC0-301F-11D3-BF4B-00C04F79EFBC}") = "HotelRoomBooking.DAL", "HotelRoomBooking.DAL\HotelRoomBooking.DAL.csproj", "{3EBB7841-730D-45E9-8D50-30FEF68AF5C0}"
EndProject
Project("{FAE04EC0-301F-11D3-BF4B-00C04F79EFBC}") = "HotelRoomBooking.BLL", "HotelRoomBooking.BLL\HotelRoomBooking.BLL.csproj", "{A3EB820C-BF1C-403A-BA06-CCA684DDF554}"
EndProject
Global
	GlobalSection(SolutionConfigurationPlatforms) = preSolution
		Debug|Any CPU = Debug|Any CPU
		Release|Any CPU = Release|Any CPU
	EndGlobalSection
	GlobalSection(ProjectConfigurationPlatforms) = postSolution
		{E9A4B834-74AB-4859-9165-4732A07CC231}.Debug|Any CPU.ActiveCfg = Debug|Any CPU
		{E9A4B834-74AB-4859-9165-4732A07CC231}.Debug|Any CPU.Build.0 = Debug|Any CPU
		{E9A4B834-74AB-4859-9165-4732A07CC231}.Release|Any CPU.ActiveCfg = Release|Any CPU
		{E9A4B834-74AB-4859-9165-4732A07CC231}.Release|Any CPU.Build.0 = Release|Any CPU
		{3EBB7841-730D-45E9-8D50-30FEF68AF5C0}.Debug|Any CPU.ActiveCfg = Debug|Any CPU
		{3EBB7841-730D-45E9-8D50-30FEF68AF5C0}.Debug|Any CPU.Build.0 = Debug|Any CPU
		{3EBB7841-730D-45E9-8D50-30FEF68AF5C0}.Release|Any CPU.ActiveCfg = Release|Any CPU
		{3EBB7841-730D-45E9-8D50-30FEF68AF5C0}.Release|Any CPU.Build.0 = Release|Any CPU
		{A3EB820C-BF1C-403A-BA06-CCA684DDF554}.Debug|Any CPU.ActiveCfg = Debug|Any CPU
		{A3EB820C-BF1C-403A-BA06-CCA684DDF554}.Debug|Any CPU.Build.0 = Debug|Any CPU
		{A3EB820C-BF1C-403A-BA06-CCA684DDF554}.Release|Any CPU.ActiveCfg = Release|Any CPU
		{A3EB820C-BF1C-403A-BA06-CCA684DDF554}.Release|Any CPU.Build.0 = Release|Any CPU
	EndGlobalSection
	GlobalSection(SolutionProperties) = preSolution
		HideSolutionNode = FALSE
	EndGlobalSection
	GlobalSection(ExtensibilityGlobals) = postSolution
		SolutionGuid = {A3E0DBA8-93BA-4F42-B587-75BB44DBF20C}
	EndGlobalSection
EndGlobal
